{
  "lockfileVersion": 1,
  "configVersion": 1,
  "workspaces": {
    "": {
      "name": "story-trans",
      "dependencies": {
        "@google/generative-ai": "^0.24.1",
        "@lancedb/lancedb": "^0.23.0",
        "@openrouter/sdk": "^0.3.12",
        "apache-arrow": "^21.1.0",
        "gray-matter": "^4.0.3",
        "openai": "^6.16.0",
      },
      "devDependencies": {
        "@types/bun": "latest",
      },
      "peerDependencies": {
        "typescript": "^5",
      },
    },
  },
  "packages": {
    "@google/generative-ai": ["@google/generative-ai@0.24.1", "", {}, "sha512-MqO+MLfM6kjxcKoy0p1wRzG3b4ZZXtPI+z2IE26UogS2Cm/XHO+7gGRBh6gcJsOiIVoH93UwKvW4HdgiOZCy9Q=="],

    "@lancedb/lancedb": ["@lancedb/lancedb@0.23.0", "", { "dependencies": { "reflect-metadata": "^0.2.2" }, "optionalDependencies": { "@lancedb/lancedb-darwin-arm64": "0.23.0", "@lancedb/lancedb-darwin-x64": "0.23.0", "@lancedb/lancedb-linux-arm64-gnu": "0.23.0", "@lancedb/lancedb-linux-arm64-musl": "0.23.0", "@lancedb/lancedb-linux-x64-gnu": "0.23.0", "@lancedb/lancedb-linux-x64-musl": "0.23.0", "@lancedb/lancedb-win32-arm64-msvc": "0.23.0", "@lancedb/lancedb-win32-x64-msvc": "0.23.0" }, "peerDependencies": { "apache-arrow": ">=15.0.0 <=18.1.0" }, "os": [ "linux", "win32", "darwin", ], "cpu": [ "x64", "arm64", ] }, "sha512-aYrIoEG24AC+wILCL57Ius/Y4yU+xFHDPKLvmjzzN4byAjzeIGF0TC86S5RBt4Ji+dxS7yIWV5Q/gE5/fybIFQ=="],

    "@lancedb/lancedb-darwin-arm64": ["@lancedb/lancedb-darwin-arm64@0.23.0", "", { "os": "darwin", "cpu": "arm64" }, "sha512-8w0sMCNMwBv2kv5+fczGeSVlNOL+BOKChSsO4usM0hMw3PmxasONPctQBsESDuPS8lQ6/AKAQc2HT/ddd5Mg5w=="],

    "@lancedb/lancedb-linux-arm64-gnu": ["@lancedb/lancedb-linux-arm64-gnu@0.23.0", "", { "os": "linux", "cpu": "arm64" }, "sha512-+xse2IspO7hbuHT4H62q8Ct00fTojnuBxXp1X1I3/27dDvW8E+/itFiJuTZ0YMaJc7nNr9qh9YFXZ9hZdEmReg=="],

    "@lancedb/lancedb-linux-arm64-musl": ["@lancedb/lancedb-linux-arm64-musl@0.23.0", "", { "os": "linux", "cpu": "arm64" }, "sha512-c2UCtGoYjA3oDdw5y3RLK7J2th3rSjYBng+1I03vU9g092y8KATAJO/lV2AtyxSC+esSuyY1dMEaj8ADcXjZAA=="],

    "@lancedb/lancedb-linux-x64-gnu": ["@lancedb/lancedb-linux-x64-gnu@0.23.0", "", { "os": "linux", "cpu": "x64" }, "sha512-OPL7tK3JCTx43ZxvbVs+CljfCer0KrojANQbcJ2V4VAp6XBhKx1sBAlIVGuCrd93pA8UOUP3iHsM7aglPo6rCg=="],

    "@lancedb/lancedb-linux-x64-musl": ["@lancedb/lancedb-linux-x64-musl@0.23.0", "", { "os": "linux", "cpu": "x64" }, "sha512-1ZEoQDwOrKvwPyAG+95/r1NYqX8Ca5bRek8Vr62CzWCEmHd/pFeEGWZ5STrkh+Bt3GLdi2JOivFtRbmuBAJypQ=="],

    "@lancedb/lancedb-win32-arm64-msvc": ["@lancedb/lancedb-win32-arm64-msvc@0.23.0", "", { "os": "win32", "cpu": "arm64" }, "sha512-OuD1mkrgXvijRlXdbx3LvfuorO04FD5qHegnTOWGXh1sIwwrvvhcJAvXUGBNLY4n/lsWvA+xTjtMwRjUitvPKg=="],

    "@lancedb/lancedb-win32-x64-msvc": ["@lancedb/lancedb-win32-x64-msvc@0.23.0", "", { "os": "win32", "cpu": "x64" }, "sha512-5ve1hvVtp8zWxSE9A+MOQaicXl2Rn0ZG/NUaMTjTD3/CQHPKFmtrqDnM5khoPICTj2O2b10F6mn4cUzl5PASgA=="],

    "@openrouter/sdk": ["@openrouter/sdk@0.3.12", "", { "dependencies": { "zod": "^3.25.0 || ^4.0.0" } }, "sha512-jwWpNyfeBLzHos2TqLIYp574jEkBSb/M46zY4uIJtlfept/3Rni7l6UQAHRqL8gPVdQCmYBaDL6NXR6uJZ0QiA=="],

    "@swc/helpers": ["@swc/helpers@0.5.18", "", { "dependencies": { "tslib": "^2.8.0" } }, "sha512-TXTnIcNJQEKwThMMqBXsZ4VGAza6bvN4pa41Rkqoio6QBKMvo+5lexeTMScGCIxtzgQJzElcvIltani+adC5PQ=="],

    "@types/bun": ["@types/bun@1.3.5", "", { "dependencies": { "bun-types": "1.3.5" } }, "sha512-RnygCqNrd3srIPEWBd5LFeUYG7plCoH2Yw9WaZGyNmdTEei+gWaHqydbaIRkIkcbXwhBT94q78QljxN0Sk838w=="],

    "@types/command-line-args": ["@types/command-line-args@5.2.3", "", {}, "sha512-uv0aG6R0Y8WHZLTamZwtfsDLVRnOa+n+n5rEvFWL5Na5gZ8V2Teab/duDPFzIIIhs9qizDpcavCusCLJZu62Kw=="],

    "@types/command-line-usage": ["@types/command-line-usage@5.0.4", "", {}, "sha512-BwR5KP3Es/CSht0xqBcUXS3qCAUVXwpRKsV2+arxeb65atasuXG9LykC9Ab10Cw3s2raH92ZqOeILaQbsB2ACg=="],

    "@types/node": ["@types/node@24.10.7", "", { "dependencies": { "undici-types": "~7.16.0" } }, "sha512-+054pVMzVTmRQV8BhpGv3UyfZ2Llgl8rdpDTon+cUH9+na0ncBVXj3wTUKh14+Kiz18ziM3b4ikpP5/Pc0rQEQ=="],

    "ansi-styles": ["ansi-styles@4.3.0", "", { "dependencies": { "color-convert": "^2.0.1" } }, "sha512-zbB9rCJAT1rbjiVDb2hqKFHNYLxgtk8NURxZ3IZwD3F6NtxbXZQCnnSi1Lkx+IDohdPlFp222wVALIheZJQSEg=="],

    "apache-arrow": ["apache-arrow@21.1.0", "", { "dependencies": { "@swc/helpers": "^0.5.11", "@types/command-line-args": "^5.2.3", "@types/command-line-usage": "^5.0.4", "@types/node": "^24.0.3", "command-line-args": "^6.0.1", "command-line-usage": "^7.0.1", "flatbuffers": "^25.1.24", "json-bignum": "^0.0.3", "tslib": "^2.6.2" }, "bin": { "arrow2csv": "bin/arrow2csv.js" } }, "sha512-kQrYLxhC+NTVVZ4CCzGF6L/uPVOzJmD1T3XgbiUnP7oTeVFOFgEUu6IKNwCDkpFoBVqDKQivlX4RUFqqnWFlEA=="],

    "argparse": ["argparse@1.0.10", "", { "dependencies": { "sprintf-js": "~1.0.2" } }, "sha512-o5Roy6tNG4SL/FOkCAN6RzjiakZS25RLYFrcMttJqbdd8BWrnA+fGz57iN5Pb06pvBGvl5gQ0B48dJlslXvoTg=="],

    "array-back": ["array-back@6.2.2", "", {}, "sha512-gUAZ7HPyb4SJczXAMUXMGAvI976JoK3qEx9v1FTmeYuJj0IBiaKttG1ydtGKdkfqWkIkouke7nG8ufGy77+Cvw=="],

    "bun-types": ["bun-types@1.3.5", "", { "dependencies": { "@types/node": "*" } }, "sha512-inmAYe2PFLs0SUbFOWSVD24sg1jFlMPxOjOSSCYqUgn4Hsc3rDc7dFvfVYjFPNHtov6kgUeulV4SxbuIV/stPw=="],

    "chalk": ["chalk@4.1.2", "", { "dependencies": { "ansi-styles": "^4.1.0", "supports-color": "^7.1.0" } }, "sha512-oKnbhFyRIXpUuez8iBMmyEa4nbj4IOQyuhc/wy9kY7/WVPcwIO9VA668Pu8RkO7+0G76SLROeyw9CpQ061i4mA=="],

    "chalk-template": ["chalk-template@0.4.0", "", { "dependencies": { "chalk": "^4.1.2" } }, "sha512-/ghrgmhfY8RaSdeo43hNXxpoHAtxdbskUHjPpfqUWGttFgycUhYPGx3YZBCnUCvOa7Doivn1IZec3DEGFoMgLg=="],

    "color-convert": ["color-convert@2.0.1", "", { "dependencies": { "color-name": "~1.1.4" } }, "sha512-RRECPsj7iu/xb5oKYcsFHSppFNnsj/52OVTRKb4zP5onXwVF3zVmmToNcOfGC+CRDpfK/U584fMg38ZHCaElKQ=="],

    "color-name": ["color-name@1.1.4", "", {}, "sha512-dOy+3AuW3a2wNbZHIuMZpTcgjGuLU/uBL/ubcZF9OXbDo8ff4O8yVp5Bf0efS8uEoYo5q4Fx7dY9OgQGXgAsQA=="],

    "command-line-args": ["command-line-args@6.0.1", "", { "dependencies": { "array-back": "^6.2.2", "find-replace": "^5.0.2", "lodash.camelcase": "^4.3.0", "typical": "^7.2.0" }, "peerDependencies": { "@75lb/nature": "latest" }, "optionalPeers": ["@75lb/nature"] }, "sha512-Jr3eByUjqyK0qd8W0SGFW1nZwqCaNCtbXjRo2cRJC1OYxWl3MZ5t1US3jq+cO4sPavqgw4l9BMGX0CBe+trepg=="],

    "command-line-usage": ["command-line-usage@7.0.3", "", { "dependencies": { "array-back": "^6.2.2", "chalk-template": "^0.4.0", "table-layout": "^4.1.0", "typical": "^7.1.1" } }, "sha512-PqMLy5+YGwhMh1wS04mVG44oqDsgyLRSKJBdOo1bnYhMKBW65gZF1dRp2OZRhiTjgUHljy99qkO7bsctLaw35Q=="],

    "esprima": ["esprima@4.0.1", "", { "bin": { "esparse": "./bin/esparse.js", "esvalidate": "./bin/esvalidate.js" } }, "sha512-eGuFFw7Upda+g4p+QHvnW0RyTX/SVeJBDM/gCtMARO0cLuT2HcEKnTPvhjV6aGeqrCB/sbNop0Kszm0jsaWU4A=="],

    "extend-shallow": ["extend-shallow@2.0.1", "", { "dependencies": { "is-extendable": "^0.1.0" } }, "sha512-zCnTtlxNoAiDc3gqY2aYAWFx7XWWiasuF2K8Me5WbN8otHKTUKBwjPtNpRs/rbUZm7KxWAaNj7P1a/p52GbVug=="],

    "find-replace": ["find-replace@5.0.2", "", { "peerDependencies": { "@75lb/nature": "latest" }, "optionalPeers": ["@75lb/nature"] }, "sha512-Y45BAiE3mz2QsrN2fb5QEtO4qb44NcS7en/0y9PEVsg351HsLeVclP8QPMH79Le9sH3rs5RSwJu99W0WPZO43Q=="],

    "flatbuffers": ["flatbuffers@25.9.23", "", {}, "sha512-MI1qs7Lo4Syw0EOzUl0xjs2lsoeqFku44KpngfIduHBYvzm8h2+7K8YMQh1JtVVVrUvhLpNwqVi4DERegUJhPQ=="],

    "gray-matter": ["gray-matter@4.0.3", "", { "dependencies": { "js-yaml": "^3.13.1", "kind-of": "^6.0.2", "section-matter": "^1.0.0", "strip-bom-string": "^1.0.0" } }, "sha512-5v6yZd4JK3eMI3FqqCouswVqwugaA9r4dNZB1wwcmrD02QkV5H0y7XBQW8QwQqEaZY1pM9aqORSORhJRdNK44Q=="],

    "has-flag": ["has-flag@4.0.0", "", {}, "sha512-EykJT/Q1KjTWctppgIAgfSO0tKVuZUjhgMr17kqTumMl6Afv3EISleU7qZUzoXDFTAHTDC4NOoG/ZxU3EvlMPQ=="],

    "is-extendable": ["is-extendable@0.1.1", "", {}, "sha512-5BMULNob1vgFX6EjQw5izWDxrecWK9AM72rugNr0TFldMOi0fj6Jk+zeKIt0xGj4cEfQIJth4w3OKWOJ4f+AFw=="],

    "js-yaml": ["js-yaml@3.14.2", "", { "dependencies": { "argparse": "^1.0.7", "esprima": "^4.0.0" }, "bin": { "js-yaml": "bin/js-yaml.js" } }, "sha512-PMSmkqxr106Xa156c2M265Z+FTrPl+oxd/rgOQy2tijQeK5TxQ43psO1ZCwhVOSdnn+RzkzlRz/eY4BgJBYVpg=="],

    "json-bignum": ["json-bignum@0.0.3", "", {}, "sha512-2WHyXj3OfHSgNyuzDbSxI1w2jgw5gkWSWhS7Qg4bWXx1nLk3jnbwfUeS0PSba3IzpTUWdHxBieELUzXRjQB2zg=="],

    "kind-of": ["kind-of@6.0.3", "", {}, "sha512-dcS1ul+9tmeD95T+x28/ehLgd9mENa3LsvDTtzm3vyBEO7RPptvAD+t44WVXaUjTBRcrpFeFlC8WCruUR456hw=="],

    "lodash.camelcase": ["lodash.camelcase@4.3.0", "", {}, "sha512-TwuEnCnxbc3rAvhf/LbG7tJUDzhqXyFnv3dtzLOPgCG/hODL7WFnsbwktkD7yUV0RrreP/l1PALq/YSg6VvjlA=="],

    "openai": ["openai@6.16.0", "", { "peerDependencies": { "ws": "^8.18.0", "zod": "^3.25 || ^4.0" }, "optionalPeers": ["ws", "zod"], "bin": { "openai": "bin/cli" } }, "sha512-fZ1uBqjFUjXzbGc35fFtYKEOxd20kd9fDpFeqWtsOZWiubY8CZ1NAlXHW3iathaFvqmNtCWMIsosCuyeI7Joxg=="],

    "reflect-metadata": ["reflect-metadata@0.2.2", "", {}, "sha512-urBwgfrvVP/eAyXx4hluJivBKzuEbSQs9rKWCrCkbSxNv8mxPcUZKeuoF3Uy4mJl3Lwprp6yy5/39VWigZ4K6Q=="],

    "section-matter": ["section-matter@1.0.0", "", { "dependencies": { "extend-shallow": "^2.0.1", "kind-of": "^6.0.0" } }, "sha512-vfD3pmTzGpufjScBh50YHKzEu2lxBWhVEHsNGoEXmCmn2hKGfeNLYMzCJpe8cD7gqX7TJluOVpBkAequ6dgMmA=="],

    "sprintf-js": ["sprintf-js@1.0.3", "", {}, "sha512-D9cPgkvLlV3t3IzL0D0YLvGA9Ahk4PcvVwUbN0dSGr1aP0Nrt4AEnTUbuGvquEC0mA64Gqt1fzirlRs5ibXx8g=="],

    "strip-bom-string": ["strip-bom-string@1.0.0", "", {}, "sha512-uCC2VHvQRYu+lMh4My/sFNmF2klFymLX1wHJeXnbEJERpV/ZsVuonzerjfrGpIGF7LBVa1O7i9kjiWvJiFck8g=="],

    "supports-color": ["supports-color@7.2.0", "", { "dependencies": { "has-flag": "^4.0.0" } }, "sha512-qpCAvRl9stuOHveKsn7HncJRvv501qIacKzQlO/+Lwxc9+0q2wLyv4Dfvt80/DPn2pqOBsJdDiogXGR9+OvwRw=="],

    "table-layout": ["table-layout@4.1.1", "", { "dependencies": { "array-back": "^6.2.2", "wordwrapjs": "^5.1.0" } }, "sha512-iK5/YhZxq5GO5z8wb0bY1317uDF3Zjpha0QFFLA8/trAoiLbQD0HUbMesEaxyzUgDxi2QlcbM8IvqOlEjgoXBA=="],

    "tslib": ["tslib@2.8.1", "", {}, "sha512-oJFu94HQb+KVduSUQL7wnpmqnfmLsOA/nAh6b6EH0wCEoK0/mPeXU6c3wKDV83MkOuHPRHtSXKKU99IBazS/2w=="],

    "typescript": ["typescript@5.9.3", "", { "bin": { "tsc": "bin/tsc", "tsserver": "bin/tsserver" } }, "sha512-jl1vZzPDinLr9eUt3J/t7V6FgNEw9QjvBPdysz9KfQDD41fQrC2Y4vKQdiaUpFT4bXlb1RHhLpp8wtm6M5TgSw=="],

    "typical": ["typical@7.3.0", "", {}, "sha512-ya4mg/30vm+DOWfBg4YK3j2WD6TWtRkCbasOJr40CseYENzCUby/7rIvXA99JGsQHeNxLbnXdyLLxKSv3tauFw=="],

    "undici-types": ["undici-types@7.16.0", "", {}, "sha512-Zz+aZWSj8LE6zoxD+xrjh4VfkIG8Ya6LvYkZqtUQGJPZjYl53ypCaUwWqo7eI0x66KBGeRo+mlBEkMSeSZ38Nw=="],

    "wordwrapjs": ["wordwrapjs@5.1.1", "", {}, "sha512-0yweIbkINJodk27gX9LBGMzyQdBDan3s/dEAiwBOj+Mf0PPyWL6/rikalkv8EeD0E8jm4o5RXEOrFTP3NXbhJg=="],

    "zod": ["zod@4.3.5", "", {}, "sha512-k7Nwx6vuWx1IJ9Bjuf4Zt1PEllcwe7cls3VNzm4CQ1/hgtFUK2bRNG3rvnpPUhFjmqJKAKtjV576KnUkHocg/g=="],

    "bun-types/@types/node": ["@types/node@25.0.6", "", { "dependencies": { "undici-types": "~7.16.0" } }, "sha512-NNu0sjyNxpoiW3YuVFfNz7mxSQ+S4X2G28uqg2s+CzoqoQjLPsWSbsFFyztIAqt2vb8kfEAsJNepMGPTxFDx3Q=="],
  }
}
